<?xml version="1.0" encoding="utf-8"?>
<Project ToolsVersion="4.0" xmlns="http://schemas.microsoft.com/developer/msbuild/2003">
  <ItemGroup>
    <Filter Include="ソース ファイル">
      <UniqueIdentifier>{4FC737F1-C7A5-4376-A066-2A32D752A2FF}</UniqueIdentifier>
      <Extensions>cpp;c;cc;cxx;def;odl;idl;hpj;bat;asm;asmx</Extensions>
    </Filter>
    <Filter Include="ヘッダー ファイル">
      <UniqueIdentifier>{93995380-89BD-4b04-88EB-625FBE52EBFB}</UniqueIdentifier>
      <Extensions>h;hh;hpp;hxx;hm;inl;inc;ipp;xsd</Extensions>
    </Filter>
    <Filter Include="リソース ファイル">
      <UniqueIdentifier>{67DA6AB6-F800-4c08-8B7A-83BB121AAD01}</UniqueIdentifier>
      <Extensions>rc;ico;cur;bmp;dlg;rc2;rct;bin;rgs;gif;jpg;jpeg;jpe;resx;tiff;tif;png;wav;mfcribbon-ms</Extensions>
    </Filter>
  </ItemGroup>
  <ItemGroup>
    <ClInclude Include="Ses.h">
      <Filter>ヘッダー ファイル</Filter>
    </ClInclude>
    <ClInclude Include="stdafx.h">
      <Filter>ヘッダー ファイル</Filter>
    </ClInclude>
    <ClInclude Include="targetver.h">
      <Filter>ヘッダー ファイル</Filter>
    </ClInclude>
    <ClInclude Include="MainFrm.h">
      <Filter>ヘッダー ファイル</Filter>
    </ClInclude>
    <ClInclude Include="ChildFrm.h">
      <Filter>ヘッダー ファイル</Filter>
    </ClInclude>
    <ClInclude Include="SesDoc.h">
      <Filter>ヘッダー ファイル</Filter>
    </ClInclude>
    <ClInclude Include="SesView.h">
      <Filter>ヘッダー ファイル</Filter>
    </ClInclude>
    <ClInclude Include="Resource.h">
      <Filter>ヘッダー ファイル</Filter>
    </ClInclude>
    <ClInclude Include="..\CmnSrc\BmpFile.h">
      <Filter>ヘッダー ファイル</Filter>
    </ClInclude>
    <ClInclude Include="..\CmnSrc\CharLib.h">
      <Filter>ヘッダー ファイル</Filter>
    </ClInclude>
    <ClInclude Include="..\CmnSrc\CmdAtr.h">
      <Filter>ヘッダー ファイル</Filter>
    </ClInclude>
    <ClInclude Include="..\CmnSrc\CmdBase.h">
      <Filter>ヘッダー ファイル</Filter>
    </ClInclude>
    <ClInclude Include="..\CmnSrc\CmdBaseBmp.h">
      <Filter>ヘッダー ファイル</Filter>
    </ClInclude>
    <ClInclude Include="..\CmnSrc\CmdClr.h">
      <Filter>ヘッダー ファイル</Filter>
    </ClInclude>
    <ClInclude Include="..\CmnSrc\CmdCrdnt.h">
      <Filter>ヘッダー ファイル</Filter>
    </ClInclude>
    <ClInclude Include="..\CmnSrc\CmdDBEdit.h">
      <Filter>ヘッダー ファイル</Filter>
    </ClInclude>
    <ClInclude Include="..\CmnSrc\CmdDibC.h">
      <Filter>ヘッダー ファイル</Filter>
    </ClInclude>
    <ClInclude Include="..\CmnSrc\CmdEdit.h">
      <Filter>ヘッダー ファイル</Filter>
    </ClInclude>
    <ClInclude Include="..\CmnSrc\CmdEFtp.h">
      <Filter>ヘッダー ファイル</Filter>
    </ClInclude>
    <ClInclude Include="..\CmnSrc\CmdFigu.h">
      <Filter>ヘッダー ファイル</Filter>
    </ClInclude>
    <ClInclude Include="..\CmnSrc\CmdFile.h">
      <Filter>ヘッダー ファイル</Filter>
    </ClInclude>
    <ClInclude Include="..\CmnSrc\CmdFtp.h">
      <Filter>ヘッダー ファイル</Filter>
    </ClInclude>
    <ClInclude Include="..\CmnSrc\CmdKamon.h">
      <Filter>ヘッダー ファイル</Filter>
    </ClInclude>
    <ClInclude Include="..\CmnSrc\CmdKamonCrct.h">
      <Filter>ヘッダー ファイル</Filter>
    </ClInclude>
    <ClInclude Include="..\CmnSrc\CmdLine.h">
      <Filter>ヘッダー ファイル</Filter>
    </ClInclude>
    <ClInclude Include="..\CmnSrc\CmdMente.h">
      <Filter>ヘッダー ファイル</Filter>
    </ClInclude>
    <ClInclude Include="..\CmnSrc\CmdMoji.h">
      <Filter>ヘッダー ファイル</Filter>
    </ClInclude>
    <ClInclude Include="..\CmnSrc\CmdMsur.h">
      <Filter>ヘッダー ファイル</Filter>
    </ClInclude>
    <ClInclude Include="..\CmnSrc\CmdPloter.h">
      <Filter>ヘッダー ファイル</Filter>
    </ClInclude>
    <ClInclude Include="..\CmnSrc\CmdPoint.h">
      <Filter>ヘッダー ファイル</Filter>
    </ClInclude>
    <ClInclude Include="..\CmnSrc\CmdSend.h">
      <Filter>ヘッダー ファイル</Filter>
    </ClInclude>
    <ClInclude Include="..\CmnSrc\CmdSlct.h">
      <Filter>ヘッダー ファイル</Filter>
    </ClInclude>
    <ClInclude Include="..\CmnSrc\CmdSpcl.h">
      <Filter>ヘッダー ファイル</Filter>
    </ClInclude>
    <ClInclude Include="..\CmnSrc\CmdSpclStrg.h">
      <Filter>ヘッダー ファイル</Filter>
    </ClInclude>
    <ClInclude Include="..\CmnSrc\CmdStrg.h">
      <Filter>ヘッダー ファイル</Filter>
    </ClInclude>
    <ClInclude Include="..\CmnSrc\CmdSub.h">
      <Filter>ヘッダー ファイル</Filter>
    </ClInclude>
    <ClInclude Include="..\CmnSrc\CmdSWak.h">
      <Filter>ヘッダー ファイル</Filter>
    </ClInclude>
    <ClInclude Include="..\CmnSrc\CmdSystem.h">
      <Filter>ヘッダー ファイル</Filter>
    </ClInclude>
    <ClInclude Include="..\CmnSrc\CmdTrns.h">
      <Filter>ヘッダー ファイル</Filter>
    </ClInclude>
    <ClInclude Include="..\CmnSrc\CmdWaku.h">
      <Filter>ヘッダー ファイル</Filter>
    </ClInclude>
    <ClInclude Include="..\CmnSrc\CmdZoom.h">
      <Filter>ヘッダー ファイル</Filter>
    </ClInclude>
    <ClInclude Include="..\CmnSrc\CrossLib.h">
      <Filter>ヘッダー ファイル</Filter>
    </ClInclude>
    <ClInclude Include="..\CmnSrc\CurveUtil.h">
      <Filter>ヘッダー ファイル</Filter>
    </ClInclude>
    <ClInclude Include="..\CmnSrc\DaoDBLib.h">
      <Filter>ヘッダー ファイル</Filter>
    </ClInclude>
    <ClInclude Include="..\CmnSrc\Dialog2PointSize.h">
      <Filter>ヘッダー ファイル</Filter>
    </ClInclude>
    <ClInclude Include="..\CmnSrc\DialogBmpRound.h">
      <Filter>ヘッダー ファイル</Filter>
    </ClInclude>
    <ClInclude Include="..\CmnSrc\DialogClrBar.h">
      <Filter>ヘッダー ファイル</Filter>
    </ClInclude>
    <ClInclude Include="..\CmnSrc\DialogConerKind.h">
      <Filter>ヘッダー ファイル</Filter>
    </ClInclude>
    <ClInclude Include="..\CmnSrc\DialogCptrFolder.h">
      <Filter>ヘッダー ファイル</Filter>
    </ClInclude>
    <ClInclude Include="..\CmnSrc\DialogCrctDisp.h">
      <Filter>ヘッダー ファイル</Filter>
    </ClInclude>
    <ClInclude Include="..\CmnSrc\DialogCrctLoad.h">
      <Filter>ヘッダー ファイル</Filter>
    </ClInclude>
    <ClInclude Include="..\CmnSrc\DialogDBEdit.h">
      <Filter>ヘッダー ファイル</Filter>
    </ClInclude>
    <ClInclude Include="..\CmnSrc\DialogDirSlct.h">
      <Filter>ヘッダー ファイル</Filter>
    </ClInclude>
    <ClInclude Include="..\CmnSrc\DialogDivPlotOut.h">
      <Filter>ヘッダー ファイル</Filter>
    </ClInclude>
    <ClInclude Include="..\CmnSrc\DialogEditBar.h">
      <Filter>ヘッダー ファイル</Filter>
    </ClInclude>
    <ClInclude Include="..\CmnSrc\DialogEpsKamonLoad.h">
      <Filter>ヘッダー ファイル</Filter>
    </ClInclude>
    <ClInclude Include="..\CmnSrc\DialogESKamon.h">
      <Filter>ヘッダー ファイル</Filter>
    </ClInclude>
    <ClInclude Include="..\CmnSrc\DialogESKamonLoad.h">
      <Filter>ヘッダー ファイル</Filter>
    </ClInclude>
    <ClInclude Include="..\CmnSrc\DialogESKamonSave.h">
      <Filter>ヘッダー ファイル</Filter>
    </ClInclude>
    <ClInclude Include="..\CmnSrc\DialogFontChange.h">
      <Filter>ヘッダー ファイル</Filter>
    </ClInclude>
    <ClInclude Include="..\CmnSrc\DialogGaiji.h">
      <Filter>ヘッダー ファイル</Filter>
    </ClInclude>
    <ClInclude Include="..\CmnSrc\DialogGaijiSlct.h">
      <Filter>ヘッダー ファイル</Filter>
    </ClInclude>
    <ClInclude Include="..\CmnSrc\DialogGradation.h">
      <Filter>ヘッダー ファイル</Filter>
    </ClInclude>
    <ClInclude Include="..\CmnSrc\DialogImageSave.h">
      <Filter>ヘッダー ファイル</Filter>
    </ClInclude>
    <ClInclude Include="..\CmnSrc\DialogInputNum.h">
      <Filter>ヘッダー ファイル</Filter>
    </ClInclude>
    <ClInclude Include="..\CmnSrc\DialogInputNumPair.h">
      <Filter>ヘッダー ファイル</Filter>
    </ClInclude>
    <ClInclude Include="..\CmnSrc\DialogKamonLoad.h">
      <Filter>ヘッダー ファイル</Filter>
    </ClInclude>
    <ClInclude Include="..\CmnSrc\DialogMDBSelect.h">
      <Filter>ヘッダー ファイル</Filter>
    </ClInclude>
    <ClInclude Include="..\CmnSrc\DialogMemoryEnvSet.h">
      <Filter>ヘッダー ファイル</Filter>
    </ClInclude>
    <ClInclude Include="..\CmnSrc\DialogMojiFiting.h">
      <Filter>ヘッダー ファイル</Filter>
    </ClInclude>
    <ClInclude Include="..\CmnSrc\DialogMojiLoad.h">
      <Filter>ヘッダー ファイル</Filter>
    </ClInclude>
    <ClInclude Include="..\CmnSrc\DialogMojiMove.h">
      <Filter>ヘッダー ファイル</Filter>
    </ClInclude>
    <ClInclude Include="..\CmnSrc\DialogMojiSave.h">
      <Filter>ヘッダー ファイル</Filter>
    </ClInclude>
    <ClInclude Include="..\CmnSrc\DialogMojiSize.h">
      <Filter>ヘッダー ファイル</Filter>
    </ClInclude>
    <ClInclude Include="..\CmnSrc\DialogMsurAtrSet.h">
      <Filter>ヘッダー ファイル</Filter>
    </ClInclude>
    <ClInclude Include="..\CmnSrc\DialogOutLine.h">
      <Filter>ヘッダー ファイル</Filter>
    </ClInclude>
    <ClInclude Include="..\CmnSrc\DialogPlotOut.h">
      <Filter>ヘッダー ファイル</Filter>
    </ClInclude>
    <ClInclude Include="..\CmnSrc\DialogScrnClr.h">
      <Filter>ヘッダー ファイル</Filter>
    </ClInclude>
    <ClInclude Include="..\CmnSrc\DialogScrnEnv.h">
      <Filter>ヘッダー ファイル</Filter>
    </ClInclude>
    <ClInclude Include="..\CmnSrc\DialogSetSpace.h">
      <Filter>ヘッダー ファイル</Filter>
    </ClInclude>
    <ClInclude Include="..\CmnSrc\DialogShadow.h">
      <Filter>ヘッダー ファイル</Filter>
    </ClInclude>
    <ClInclude Include="..\CmnSrc\DialogSizeBoxs.h">
      <Filter>ヘッダー ファイル</Filter>
    </ClInclude>
    <ClInclude Include="..\CmnSrc\DialogSizeCrcl.h">
      <Filter>ヘッダー ファイル</Filter>
    </ClInclude>
    <ClInclude Include="..\CmnSrc\DialogSizeList.h">
      <Filter>ヘッダー ファイル</Filter>
    </ClInclude>
    <ClInclude Include="..\CmnSrc\DialogSlctFtpAdrs.h">
      <Filter>ヘッダー ファイル</Filter>
    </ClInclude>
    <ClInclude Include="..\CmnSrc\DialogSlctMailAdrs.h">
      <Filter>ヘッダー ファイル</Filter>
    </ClInclude>
    <ClInclude Include="..\CmnSrc\DialogSlctStrg.h">
      <Filter>ヘッダー ファイル</Filter>
    </ClInclude>
    <ClInclude Include="..\CmnSrc\DialogStrgInput.h">
      <Filter>ヘッダー ファイル</Filter>
    </ClInclude>
    <ClInclude Include="..\CmnSrc\DialogStrgInseart.h">
      <Filter>ヘッダー ファイル</Filter>
    </ClInclude>
    <ClInclude Include="..\CmnSrc\DialogStrgLineup.h">
      <Filter>ヘッダー ファイル</Filter>
    </ClInclude>
    <ClInclude Include="..\CmnSrc\DialogTextInput.h">
      <Filter>ヘッダー ファイル</Filter>
    </ClInclude>
    <ClInclude Include="..\CmnSrc\DialogTraceImage.h">
      <Filter>ヘッダー ファイル</Filter>
    </ClInclude>
    <ClInclude Include="..\CmnSrc\DialogWakuAddAtr.h">
      <Filter>ヘッダー ファイル</Filter>
    </ClInclude>
    <ClInclude Include="..\CmnSrc\DialogWakuAtrChange.h">
      <Filter>ヘッダー ファイル</Filter>
    </ClInclude>
    <ClInclude Include="..\CmnSrc\DialogWakuBar1.h">
      <Filter>ヘッダー ファイル</Filter>
    </ClInclude>
    <ClInclude Include="..\CmnSrc\DialogWakuBar2.h">
      <Filter>ヘッダー ファイル</Filter>
    </ClInclude>
    <ClInclude Include="..\CmnSrc\DialogWakuBar3.h">
      <Filter>ヘッダー ファイル</Filter>
    </ClInclude>
    <ClInclude Include="..\CmnSrc\DialogWakuBarSide.h">
      <Filter>ヘッダー ファイル</Filter>
    </ClInclude>
    <ClInclude Include="..\CmnSrc\DialogWakuCopyTrns.h">
      <Filter>ヘッダー ファイル</Filter>
    </ClInclude>
    <ClInclude Include="..\CmnSrc\DialogWakuDelete.h">
      <Filter>ヘッダー ファイル</Filter>
    </ClInclude>
    <ClInclude Include="..\CmnSrc\DialogWakuEdit.h">
      <Filter>ヘッダー ファイル</Filter>
    </ClInclude>
    <ClInclude Include="..\CmnSrc\DialogWakuGrup.h">
      <Filter>ヘッダー ファイル</Filter>
    </ClInclude>
    <ClInclude Include="..\CmnSrc\DialogWakuInput.h">
      <Filter>ヘッダー ファイル</Filter>
    </ClInclude>
    <ClInclude Include="..\CmnSrc\DialogWakuInSekiji.h">
      <Filter>ヘッダー ファイル</Filter>
    </ClInclude>
    <ClInclude Include="..\CmnSrc\DialogWakuLoad.h">
      <Filter>ヘッダー ファイル</Filter>
    </ClInclude>
    <ClInclude Include="..\CmnSrc\DialogWakuPaper.h">
      <Filter>ヘッダー ファイル</Filter>
    </ClInclude>
    <ClInclude Include="..\CmnSrc\DialogWakuSave.h">
      <Filter>ヘッダー ファイル</Filter>
    </ClInclude>
    <ClInclude Include="..\CmnSrc\DialogWakuSort.h">
      <Filter>ヘッダー ファイル</Filter>
    </ClInclude>
    <ClInclude Include="..\CmnSrc\DialogWkPaperAdd.h">
      <Filter>ヘッダー ファイル</Filter>
    </ClInclude>
    <ClInclude Include="..\CmnSrc\DialogWkPaperDel.h">
      <Filter>ヘッダー ファイル</Filter>
    </ClInclude>
    <ClInclude Include="..\CmnSrc\DialogXLSSelect.h">
      <Filter>ヘッダー ファイル</Filter>
    </ClInclude>
    <ClInclude Include="..\CmnSrc\Diblib.h">
      <Filter>ヘッダー ファイル</Filter>
    </ClInclude>
    <ClInclude Include="..\CmnSrc\ExcelLib.h">
      <Filter>ヘッダー ファイル</Filter>
    </ClInclude>
    <ClInclude Include="..\CmnSrc\FileArc.h">
      <Filter>ヘッダー ファイル</Filter>
    </ClInclude>
    <ClInclude Include="..\CmnSrc\FileDxf.h">
      <Filter>ヘッダー ファイル</Filter>
    </ClInclude>
    <ClInclude Include="..\CmnSrc\FileEps.h">
      <Filter>ヘッダー ファイル</Filter>
    </ClInclude>
    <ClInclude Include="..\CmnSrc\FileVect.h">
      <Filter>ヘッダー ファイル</Filter>
    </ClInclude>
    <ClInclude Include="..\CmnSrc\FontCBox.h">
      <Filter>ヘッダー ファイル</Filter>
    </ClInclude>
    <ClInclude Include="..\CmnSrc\ImeHndl.h">
      <Filter>ヘッダー ファイル</Filter>
    </ClInclude>
    <ClInclude Include="..\CmnSrc\Mente.h">
      <Filter>ヘッダー ファイル</Filter>
    </ClInclude>
    <ClInclude Include="..\CmnSrc\MinMax.h">
      <Filter>ヘッダー ファイル</Filter>
    </ClInclude>
    <ClInclude Include="..\CmnSrc\MyButton.h">
      <Filter>ヘッダー ファイル</Filter>
    </ClInclude>
    <ClInclude Include="..\CmnSrc\MyDialog.h">
      <Filter>ヘッダー ファイル</Filter>
    </ClInclude>
    <ClInclude Include="..\CmnSrc\MyDialogBar.h">
      <Filter>ヘッダー ファイル</Filter>
    </ClInclude>
    <ClInclude Include="..\CmnSrc\MyEdit.h">
      <Filter>ヘッダー ファイル</Filter>
    </ClInclude>
    <ClInclude Include="..\CmnSrc\MyFileDialog.h">
      <Filter>ヘッダー ファイル</Filter>
    </ClInclude>
    <ClInclude Include="..\CmnSrc\ViewFileDialog.h">
      <Filter>ヘッダー ファイル</Filter>
    </ClInclude>
    <ClInclude Include="..\CmnSrc\WakuTool.h">
      <Filter>ヘッダー ファイル</Filter>
    </ClInclude>
    <ClInclude Include="..\CmnSrc\zip32.h">
      <Filter>ヘッダー ファイル</Filter>
    </ClInclude>
    <ClInclude Include="..\..\Defenv.h">
      <Filter>ヘッダー ファイル</Filter>
    </ClInclude>
    <ClInclude Include="SysEnv.h">
      <Filter>ヘッダー ファイル</Filter>
    </ClInclude>
    <ClInclude Include="..\CmnSrc\DialogStrgVStruct.h">
      <Filter>ヘッダー ファイル</Filter>
    </ClInclude>
    <ClInclude Include="..\CmnSrc\Excel.h">
      <Filter>ヘッダー ファイル</Filter>
    </ClInclude>
    <ClInclude Include="..\CmnSrc\DialogStrgArc.h">
      <Filter>ヘッダー ファイル</Filter>
    </ClInclude>
    <ClInclude Include="..\..\Dlldef.h">
      <Filter>ヘッダー ファイル</Filter>
    </ClInclude>
    <ClInclude Include="..\..\Stdef.h">
      <Filter>ヘッダー ファイル</Filter>
    </ClInclude>
    <ClInclude Include="Command.h">
      <Filter>ヘッダー ファイル</Filter>
    </ClInclude>
  </ItemGroup>
  <ItemGroup>
    <ClCompile Include="Ses.cpp">
      <Filter>ソース ファイル</Filter>
    </ClCompile>
    <ClCompile Include="stdafx.cpp">
      <Filter>ソース ファイル</Filter>
    </ClCompile>
    <ClCompile Include="MainFrm.cpp">
      <Filter>ソース ファイル</Filter>
    </ClCompile>
    <ClCompile Include="ChildFrm.cpp">
      <Filter>ソース ファイル</Filter>
    </ClCompile>
    <ClCompile Include="SesDoc.cpp">
      <Filter>ソース ファイル</Filter>
    </ClCompile>
    <ClCompile Include="SesView.cpp">
      <Filter>ソース ファイル</Filter>
    </ClCompile>
    <ClCompile Include="..\CmnSrc\BmpFile.cpp">
      <Filter>ソース ファイル</Filter>
    </ClCompile>
    <ClCompile Include="..\CmnSrc\CharLib.cpp">
      <Filter>ソース ファイル</Filter>
    </ClCompile>
    <ClCompile Include="..\CmnSrc\CmdAtr.cpp">
      <Filter>ソース ファイル</Filter>
    </ClCompile>
    <ClCompile Include="..\CmnSrc\CmdBase.cpp">
      <Filter>ソース ファイル</Filter>
    </ClCompile>
    <ClCompile Include="..\CmnSrc\CmdBaseBmp.cpp">
      <Filter>ソース ファイル</Filter>
    </ClCompile>
    <ClCompile Include="..\CmnSrc\CmdClr.cpp">
      <Filter>ソース ファイル</Filter>
    </ClCompile>
    <ClCompile Include="..\CmnSrc\CmdCrdnt.cpp">
      <Filter>ソース ファイル</Filter>
    </ClCompile>
    <ClCompile Include="..\CmnSrc\CmdDBEdit.cpp">
      <Filter>ソース ファイル</Filter>
    </ClCompile>
    <ClCompile Include="..\CmnSrc\CmdDibC.cpp">
      <Filter>ソース ファイル</Filter>
    </ClCompile>
    <ClCompile Include="..\CmnSrc\CmdEdit.cpp">
      <Filter>ソース ファイル</Filter>
    </ClCompile>
    <ClCompile Include="..\CmnSrc\CmdEFtp.cpp">
      <Filter>ソース ファイル</Filter>
    </ClCompile>
    <ClCompile Include="..\CmnSrc\CmdFigu.cpp">
      <Filter>ソース ファイル</Filter>
    </ClCompile>
    <ClCompile Include="..\CmnSrc\CmdFile.cpp">
      <Filter>ソース ファイル</Filter>
    </ClCompile>
    <ClCompile Include="..\CmnSrc\CmdFtp.cpp">
      <Filter>ソース ファイル</Filter>
    </ClCompile>
    <ClCompile Include="..\CmnSrc\CmdKamon.cpp">
      <Filter>ソース ファイル</Filter>
    </ClCompile>
    <ClCompile Include="..\CmnSrc\CmdKamonCrct.cpp">
      <Filter>ソース ファイル</Filter>
    </ClCompile>
    <ClCompile Include="..\CmnSrc\CmdLine.cpp">
      <Filter>ソース ファイル</Filter>
    </ClCompile>
    <ClCompile Include="..\CmnSrc\CmdMente.cpp">
      <Filter>ソース ファイル</Filter>
    </ClCompile>
    <ClCompile Include="..\CmnSrc\CmdMoji.cpp">
      <Filter>ソース ファイル</Filter>
    </ClCompile>
    <ClCompile Include="..\CmnSrc\CmdMsur.cpp">
      <Filter>ソース ファイル</Filter>
    </ClCompile>
    <ClCompile Include="..\CmnSrc\CmdPloter.cpp">
      <Filter>ソース ファイル</Filter>
    </ClCompile>
    <ClCompile Include="..\CmnSrc\CmdPoint.cpp">
      <Filter>ソース ファイル</Filter>
    </ClCompile>
    <ClCompile Include="..\CmnSrc\CmdSend.cpp">
      <Filter>ソース ファイル</Filter>
    </ClCompile>
    <ClCompile Include="..\CmnSrc\CmdSlct.cpp">
      <Filter>ソース ファイル</Filter>
    </ClCompile>
    <ClCompile Include="..\CmnSrc\CmdSpcl.cpp">
      <Filter>ソース ファイル</Filter>
    </ClCompile>
    <ClCompile Include="..\CmnSrc\CmdSpclStrg.cpp">
      <Filter>ソース ファイル</Filter>
    </ClCompile>
    <ClCompile Include="..\CmnSrc\CmdStrg.cpp">
      <Filter>ソース ファイル</Filter>
    </ClCompile>
    <ClCompile Include="..\CmnSrc\CmdStrgProp.cpp">
      <Filter>ソース ファイル</Filter>
    </ClCompile>
    <ClCompile Include="..\CmnSrc\CmdSub.cpp">
      <Filter>ソース ファイル</Filter>
    </ClCompile>
    <ClCompile Include="..\CmnSrc\CmdSWak.cpp">
      <Filter>ソース ファイル</Filter>
    </ClCompile>
    <ClCompile Include="..\CmnSrc\CmdSystem.cpp">
      <Filter>ソース ファイル</Filter>
    </ClCompile>
    <ClCompile Include="..\CmnSrc\CmdTrns.cpp">
      <Filter>ソース ファイル</Filter>
    </ClCompile>
    <ClCompile Include="..\CmnSrc\CmdWaku.cpp">
      <Filter>ソース ファイル</Filter>
    </ClCompile>
    <ClCompile Include="..\CmnSrc\CmdZoom.cpp">
      <Filter>ソース ファイル</Filter>
    </ClCompile>
    <ClCompile Include="..\CmnSrc\CrossLib.cpp">
      <Filter>ソース ファイル</Filter>
    </ClCompile>
    <ClCompile Include="..\CmnSrc\CurveUtil.cpp">
      <Filter>ソース ファイル</Filter>
    </ClCompile>
    <ClCompile Include="..\CmnSrc\DaoDBLib.cpp">
      <Filter>ソース ファイル</Filter>
    </ClCompile>
    <ClCompile Include="..\CmnSrc\Dialog2PointSize.cpp">
      <Filter>ソース ファイル</Filter>
    </ClCompile>
    <ClCompile Include="..\CmnSrc\DialogBmpRound.cpp">
      <Filter>ソース ファイル</Filter>
    </ClCompile>
    <ClCompile Include="..\CmnSrc\DialogClrBar.cpp">
      <Filter>ソース ファイル</Filter>
    </ClCompile>
    <ClCompile Include="..\CmnSrc\DialogConerKind.cpp">
      <Filter>ソース ファイル</Filter>
    </ClCompile>
    <ClCompile Include="..\CmnSrc\DialogCptrFolder.cpp">
      <Filter>ソース ファイル</Filter>
    </ClCompile>
    <ClCompile Include="..\CmnSrc\DialogCrctDisp.cpp">
      <Filter>ソース ファイル</Filter>
    </ClCompile>
    <ClCompile Include="..\CmnSrc\DialogCrctLoad.cpp">
      <Filter>ソース ファイル</Filter>
    </ClCompile>
    <ClCompile Include="..\CmnSrc\DialogDBEdit.cpp">
      <Filter>ソース ファイル</Filter>
    </ClCompile>
    <ClCompile Include="..\CmnSrc\DialogDirSlct.cpp">
      <Filter>ソース ファイル</Filter>
    </ClCompile>
    <ClCompile Include="..\CmnSrc\DialogDivPlotOut.cpp">
      <Filter>ソース ファイル</Filter>
    </ClCompile>
    <ClCompile Include="..\CmnSrc\DialogEditBar.cpp">
      <Filter>ソース ファイル</Filter>
    </ClCompile>
    <ClCompile Include="..\CmnSrc\DialogEpsKamonLoad.cpp">
      <Filter>ソース ファイル</Filter>
    </ClCompile>
    <ClCompile Include="..\CmnSrc\DialogESKamon.cpp">
      <Filter>ソース ファイル</Filter>
    </ClCompile>
    <ClCompile Include="..\CmnSrc\DialogESKamonLoad.cpp">
      <Filter>ソース ファイル</Filter>
    </ClCompile>
    <ClCompile Include="..\CmnSrc\DialogESKamonSave.cpp">
      <Filter>ソース ファイル</Filter>
    </ClCompile>
    <ClCompile Include="..\CmnSrc\DialogFontChange.cpp">
      <Filter>ソース ファイル</Filter>
    </ClCompile>
    <ClCompile Include="..\CmnSrc\DialogGaiji.cpp">
      <Filter>ソース ファイル</Filter>
    </ClCompile>
    <ClCompile Include="..\CmnSrc\DialogGaijiSlct.cpp">
      <Filter>ソース ファイル</Filter>
    </ClCompile>
    <ClCompile Include="..\CmnSrc\DialogGradation.cpp">
      <Filter>ソース ファイル</Filter>
    </ClCompile>
    <ClCompile Include="..\CmnSrc\DialogImageSave.cpp">
      <Filter>ソース ファイル</Filter>
    </ClCompile>
    <ClCompile Include="..\CmnSrc\DialogInputNum.cpp">
      <Filter>ソース ファイル</Filter>
    </ClCompile>
    <ClCompile Include="..\CmnSrc\DialogInputNumPair.cpp">
      <Filter>ソース ファイル</Filter>
    </ClCompile>
    <ClCompile Include="..\CmnSrc\DialogKamonLoad.cpp">
      <Filter>ソース ファイル</Filter>
    </ClCompile>
    <ClCompile Include="..\CmnSrc\DialogMDBSelect.cpp">
      <Filter>ソース ファイル</Filter>
    </ClCompile>
    <ClCompile Include="..\CmnSrc\DialogMemoryEnvSet.cpp">
      <Filter>ソース ファイル</Filter>
    </ClCompile>
    <ClCompile Include="..\CmnSrc\DialogMojiFiting.cpp">
      <Filter>ソース ファイル</Filter>
    </ClCompile>
    <ClCompile Include="..\CmnSrc\DialogMojiLoad.cpp">
      <Filter>ソース ファイル</Filter>
    </ClCompile>
    <ClCompile Include="..\CmnSrc\DialogMojiMove.cpp">
      <Filter>ソース ファイル</Filter>
    </ClCompile>
    <ClCompile Include="..\CmnSrc\DialogMojiSave.cpp">
      <Filter>ソース ファイル</Filter>
    </ClCompile>
    <ClCompile Include="..\CmnSrc\DialogMojiSize.cpp">
      <Filter>ソース ファイル</Filter>
    </ClCompile>
    <ClCompile Include="..\CmnSrc\DialogMsurAtrSet.cpp">
      <Filter>ソース ファイル</Filter>
    </ClCompile>
    <ClCompile Include="..\CmnSrc\DialogOutLine.cpp">
      <Filter>ソース ファイル</Filter>
    </ClCompile>
    <ClCompile Include="..\CmnSrc\DialogPlotOut.cpp">
      <Filter>ソース ファイル</Filter>
    </ClCompile>
    <ClCompile Include="..\CmnSrc\DialogScrnClr.cpp">
      <Filter>ソース ファイル</Filter>
    </ClCompile>
    <ClCompile Include="..\CmnSrc\DialogScrnEnv.cpp">
      <Filter>ソース ファイル</Filter>
    </ClCompile>
    <ClCompile Include="..\CmnSrc\DialogSetSpace.cpp">
      <Filter>ソース ファイル</Filter>
    </ClCompile>
    <ClCompile Include="..\CmnSrc\DialogShadow.cpp">
      <Filter>ソース ファイル</Filter>
    </ClCompile>
    <ClCompile Include="..\CmnSrc\DialogSizeBoxs.cpp">
      <Filter>ソース ファイル</Filter>
    </ClCompile>
    <ClCompile Include="..\CmnSrc\DialogSizeCrcl.cpp">
      <Filter>ソース ファイル</Filter>
    </ClCompile>
    <ClCompile Include="..\CmnSrc\DialogSizeList.cpp">
      <Filter>ソース ファイル</Filter>
    </ClCompile>
    <ClCompile Include="..\CmnSrc\DialogSlctFtpAdrs.cpp">
      <Filter>ソース ファイル</Filter>
    </ClCompile>
    <ClCompile Include="..\CmnSrc\DialogSlctMailAdrs.cpp">
      <Filter>ソース ファイル</Filter>
    </ClCompile>
    <ClCompile Include="..\CmnSrc\DialogSlctStrg.cpp">
      <Filter>ソース ファイル</Filter>
    </ClCompile>
    <ClCompile Include="..\CmnSrc\DialogStrgInput.cpp">
      <Filter>ソース ファイル</Filter>
    </ClCompile>
    <ClCompile Include="..\CmnSrc\DialogStrgInseart.cpp">
      <Filter>ソース ファイル</Filter>
    </ClCompile>
    <ClCompile Include="..\CmnSrc\DialogStrgLineup.cpp">
      <Filter>ソース ファイル</Filter>
    </ClCompile>
    <ClCompile Include="..\CmnSrc\DialogTextInput.cpp">
      <Filter>ソース ファイル</Filter>
    </ClCompile>
    <ClCompile Include="..\CmnSrc\DialogTraceImage.cpp">
      <Filter>ソース ファイル</Filter>
    </ClCompile>
    <ClCompile Include="..\CmnSrc\DialogWakuAddAtr.cpp">
      <Filter>ソース ファイル</Filter>
    </ClCompile>
    <ClCompile Include="..\CmnSrc\DialogWakuAtrChange.cpp">
      <Filter>ソース ファイル</Filter>
    </ClCompile>
    <ClCompile Include="..\CmnSrc\DialogWakuBar1.cpp">
      <Filter>ソース ファイル</Filter>
    </ClCompile>
    <ClCompile Include="..\CmnSrc\DialogWakuBar2.cpp">
      <Filter>ソース ファイル</Filter>
    </ClCompile>
    <ClCompile Include="..\CmnSrc\DialogWakuBar3.cpp">
      <Filter>ソース ファイル</Filter>
    </ClCompile>
    <ClCompile Include="..\CmnSrc\DialogWakuBarSide.cpp">
      <Filter>ソース ファイル</Filter>
    </ClCompile>
    <ClCompile Include="..\CmnSrc\DialogWakuCopyTrns.cpp">
      <Filter>ソース ファイル</Filter>
    </ClCompile>
    <ClCompile Include="..\CmnSrc\DialogWakuDelete.cpp">
      <Filter>ソース ファイル</Filter>
    </ClCompile>
    <ClCompile Include="..\CmnSrc\DialogWakuEdit.cpp">
      <Filter>ソース ファイル</Filter>
    </ClCompile>
    <ClCompile Include="..\CmnSrc\DialogWakuGrup.cpp">
      <Filter>ソース ファイル</Filter>
    </ClCompile>
    <ClCompile Include="..\CmnSrc\DialogWakuInput.cpp">
      <Filter>ソース ファイル</Filter>
    </ClCompile>
    <ClCompile Include="..\CmnSrc\DialogWakuInSekiji.cpp">
      <Filter>ソース ファイル</Filter>
    </ClCompile>
    <ClCompile Include="..\CmnSrc\DialogWakuLoad.cpp">
      <Filter>ソース ファイル</Filter>
    </ClCompile>
    <ClCompile Include="..\CmnSrc\DialogWakuPaper.cpp">
      <Filter>ソース ファイル</Filter>
    </ClCompile>
    <ClCompile Include="..\CmnSrc\DialogWakuSave.cpp">
      <Filter>ソース ファイル</Filter>
    </ClCompile>
    <ClCompile Include="..\CmnSrc\DialogWakuSort.cpp">
      <Filter>ソース ファイル</Filter>
    </ClCompile>
    <ClCompile Include="..\CmnSrc\DialogWkPaperAdd.cpp">
      <Filter>ソース ファイル</Filter>
    </ClCompile>
    <ClCompile Include="..\CmnSrc\DialogWkPaperDel.cpp">
      <Filter>ソース ファイル</Filter>
    </ClCompile>
    <ClCompile Include="..\CmnSrc\DialogXLSSelect.cpp">
      <Filter>ソース ファイル</Filter>
    </ClCompile>
    <ClCompile Include="..\CmnSrc\Diblib.cpp">
      <Filter>ソース ファイル</Filter>
    </ClCompile>
    <ClCompile Include="..\CmnSrc\ExcelLib.cpp">
      <Filter>ソース ファイル</Filter>
    </ClCompile>
    <ClCompile Include="..\CmnSrc\FileArc.cpp">
      <Filter>ソース ファイル</Filter>
    </ClCompile>
    <ClCompile Include="..\CmnSrc\FileDxf.cpp">
      <Filter>ソース ファイル</Filter>
    </ClCompile>
    <ClCompile Include="..\CmnSrc\FileEps.cpp">
      <Filter>ソース ファイル</Filter>
    </ClCompile>
    <ClCompile Include="..\CmnSrc\FileVect.cpp">
      <Filter>ソース ファイル</Filter>
    </ClCompile>
    <ClCompile Include="..\CmnSrc\FontCBox.cpp">
      <Filter>ソース ファイル</Filter>
    </ClCompile>
    <ClCompile Include="..\CmnSrc\ImeHndl.cpp">
      <Filter>ソース ファイル</Filter>
    </ClCompile>
    <ClCompile Include="..\CmnSrc\Mente.cpp">
      <Filter>ソース ファイル</Filter>
    </ClCompile>
    <ClCompile Include="..\CmnSrc\MinMax.cpp">
      <Filter>ソース ファイル</Filter>
    </ClCompile>
    <ClCompile Include="..\CmnSrc\MyButton.cpp">
      <Filter>ソース ファイル</Filter>
    </ClCompile>
    <ClCompile Include="..\CmnSrc\MyDialog.cpp">
      <Filter>ソース ファイル</Filter>
    </ClCompile>
    <ClCompile Include="..\CmnSrc\MyDialogBar.cpp">
      <Filter>ソース ファイル</Filter>
    </ClCompile>
    <ClCompile Include="..\CmnSrc\MyEdit.cpp">
      <Filter>ソース ファイル</Filter>
    </ClCompile>
    <ClCompile Include="..\CmnSrc\MyFileDialog.cpp">
      <Filter>ソース ファイル</Filter>
    </ClCompile>
    <ClCompile Include="..\CmnSrc\ViewFileDialog.cpp">
      <Filter>ソース ファイル</Filter>
    </ClCompile>
    <ClCompile Include="..\CmnSrc\WakuTool.cpp">
      <Filter>ソース ファイル</Filter>
    </ClCompile>
    <ClCompile Include="SysEnv.cpp">
      <Filter>ソース ファイル</Filter>
    </ClCompile>
    <ClCompile Include="..\CmnSrc\DialogStrgVStruct.cpp">
      <Filter>ソース ファイル</Filter>
    </ClCompile>
    <ClCompile Include="..\CmnSrc\Excel.cpp">
      <Filter>ソース ファイル</Filter>
    </ClCompile>
    <ClCompile Include="..\CmnSrc\DialogStrgArc.cpp">
      <Filter>ソース ファイル</Filter>
    </ClCompile>
    <ClCompile Include="Command.cpp">
      <Filter>ソース ファイル</Filter>
    </ClCompile>
  </ItemGroup>
  <ItemGroup>
    <None Include="Ses.reg" />
    <None Include="res\Ses.rc2">
      <Filter>リソース ファイル</Filter>
    </None>
    <None Include="res\cursor3.cur">
      <Filter>リソース ファイル</Filter>
    </None>
    <None Include="res\cur_zoom.cur">
      <Filter>リソース ファイル</Filter>
    </None>
    <None Include="res\cus_hand.cur">
      <Filter>リソース ファイル</Filter>
    </None>
    <None Include="res\cursor2.cur">
      <Filter>リソース ファイル</Filter>
    </None>
    <None Include="..\UsbPrt.dll" />
  </ItemGroup>
  <ItemGroup>
    <ResourceCompile Include="Ses.rc">
      <Filter>リソース ファイル</Filter>
    </ResourceCompile>
  </ItemGroup>
  <ItemGroup>
    <Image Include="res\SesDoc.ico">
      <Filter>リソース ファイル</Filter>
    </Image>
    <Image Include="res\Ses.ico">
      <Filter>リソース ファイル</Filter>
    </Image>
    <Image Include="res\Toolbar.bmp">
      <Filter>リソース ファイル</Filter>
    </Image>
    <Image Include="res\IToolbar.bmp">
      <Filter>リソース ファイル</Filter>
    </Image>
    <Image Include="res\cdrntool.bmp">
      <Filter>リソース ファイル</Filter>
    </Image>
    <Image Include="res\objtoolb.bmp">
      <Filter>リソース ファイル</Filter>
    </Image>
    <Image Include="res\toolbar1.bmp">
      <Filter>リソース ファイル</Filter>
    </Image>
    <Image Include="res\sizesml3.bmp">
      <Filter>リソース ファイル</Filter>
    </Image>
    <Image Include="res\sizesml2.bmp">
      <Filter>リソース ファイル</Filter>
    </Image>
    <Image Include="res\sizesml1.bmp">
      <Filter>リソース ファイル</Filter>
    </Image>
    <Image Include="res\sizebig3.bmp">
      <Filter>リソース ファイル</Filter>
    </Image>
    <Image Include="res\sizebig2.bmp">
      <Filter>リソース ファイル</Filter>
    </Image>
    <Image Include="res\sizebig1.bmp">
      <Filter>リソース ファイル</Filter>
    </Image>
    <Image Include="res\prebtn.bmp">
      <Filter>リソース ファイル</Filter>
    </Image>
    <Image Include="res\nonclrbtn.bmp">
      <Filter>リソース ファイル</Filter>
    </Image>
    <Image Include="res\moveup3.bmp">
      <Filter>リソース ファイル</Filter>
    </Image>
    <Image Include="res\moveup2.bmp">
      <Filter>リソース ファイル</Filter>
    </Image>
    <Image Include="res\moveup1.bmp">
      <Filter>リソース ファイル</Filter>
    </Image>
    <Image Include="res\movetgh3.bmp">
      <Filter>リソース ファイル</Filter>
    </Image>
    <Image Include="res\movetgh2.bmp">
      <Filter>リソース ファイル</Filter>
    </Image>
    <Image Include="res\movetgh1.bmp">
      <Filter>リソース ファイル</Filter>
    </Image>
    <Image Include="res\movelft3.bmp">
      <Filter>リソース ファイル</Filter>
    </Image>
    <Image Include="res\movelft2.bmp">
      <Filter>リソース ファイル</Filter>
    </Image>
    <Image Include="res\movelft1.bmp">
      <Filter>リソース ファイル</Filter>
    </Image>
    <Image Include="res\movedwn3.bmp">
      <Filter>リソース ファイル</Filter>
    </Image>
    <Image Include="res\movedwn2.bmp">
      <Filter>リソース ファイル</Filter>
    </Image>
    <Image Include="res\movedwn1.bmp">
      <Filter>リソース ファイル</Filter>
    </Image>
    <Image Include="res\grabtn.bmp">
      <Filter>リソース ファイル</Filter>
    </Image>
    <Image Include="RES\LINETOOL.BMP">
      <Filter>リソース ファイル</Filter>
    </Image>
    <Image Include="RES\POINTTOO.BMP">
      <Filter>リソース ファイル</Filter>
    </Image>
    <Image Include="res\orightup.bmp">
      <Filter>リソース ファイル</Filter>
    </Image>
    <Image Include="res\oleftdow.bmp">
      <Filter>リソース ファイル</Filter>
    </Image>
    <Image Include="res\oleftup.bmp">
      <Filter>リソース ファイル</Filter>
    </Image>
    <Image Include="res\orightdo.bmp">
      <Filter>リソース ファイル</Filter>
    </Image>
    <Image Include="res\sizeuds3.bmp">
      <Filter>リソース ファイル</Filter>
    </Image>
    <Image Include="res\sizeuds2.bmp">
      <Filter>リソース ファイル</Filter>
    </Image>
    <Image Include="res\sizeuds1.bmp">
      <Filter>リソース ファイル</Filter>
    </Image>
    <Image Include="res\sizeudb3.bmp">
      <Filter>リソース ファイル</Filter>
    </Image>
    <Image Include="res\sizeudb2.bmp">
      <Filter>リソース ファイル</Filter>
    </Image>
    <Image Include="res\sizeudb1.bmp">
      <Filter>リソース ファイル</Filter>
    </Image>
    <Image Include="res\sizerls3.bmp">
      <Filter>リソース ファイル</Filter>
    </Image>
    <Image Include="res\sizerls2.bmp">
      <Filter>リソース ファイル</Filter>
    </Image>
    <Image Include="res\sizerls1.bmp">
      <Filter>リソース ファイル</Filter>
    </Image>
    <Image Include="res\sizerlb3.bmp">
      <Filter>リソース ファイル</Filter>
    </Image>
    <Image Include="res\sizerlb2.bmp">
      <Filter>リソース ファイル</Filter>
    </Image>
    <Image Include="res\sizerlb1.bmp">
      <Filter>リソース ファイル</Filter>
    </Image>
    <Image Include="res\nextbtn.bmp">
      <Filter>リソース ファイル</Filter>
    </Image>
    <Image Include="res\leftside.bmp">
      <Filter>リソース ファイル</Filter>
    </Image>
    <Image Include="res\strgyoko.bmp">
      <Filter>リソース ファイル</Filter>
    </Image>
    <Image Include="res\strgtate.bmp">
      <Filter>リソース ファイル</Filter>
    </Image>
    <Image Include="res\conerct.bmp">
      <Filter>リソース ファイル</Filter>
    </Image>
    <Image Include="res\conerlb.bmp">
      <Filter>リソース ファイル</Filter>
    </Image>
    <Image Include="res\conerlt.bmp">
      <Filter>リソース ファイル</Filter>
    </Image>
    <Image Include="res\conerrb.bmp">
      <Filter>リソース ファイル</Filter>
    </Image>
    <Image Include="res\conerrt.bmp">
      <Filter>リソース ファイル</Filter>
    </Image>
    <Image Include="res\startct.bmp">
      <Filter>リソース ファイル</Filter>
    </Image>
    <Image Include="res\startlb.bmp">
      <Filter>リソース ファイル</Filter>
    </Image>
    <Image Include="res\startlt.bmp">
      <Filter>リソース ファイル</Filter>
    </Image>
    <Image Include="res\startrb.bmp">
      <Filter>リソース ファイル</Filter>
    </Image>
    <Image Include="res\startrt.bmp">
      <Filter>リソース ファイル</Filter>
    </Image>
    <Image Include="res\strgtyno.bmp">
      <Filter>リソース ファイル</Filter>
    </Image>
  </ItemGroup>
</Project>